
Microsoft Visual Studio Solution File, Format Version 12.00
# Visual Studio Version 17
VisualStudioVersion = 17.4.33122.133
MinimumVisualStudioVersion = 10.0.40219.1
Project("{54A90642-561A-4BB1-A94E-469ADEE60C69}") = "Client", "Client.esproj", "{2D27CF7A-E621-4291-8014-4C4635C58EB2}"
EndProject
Project("{FAE04EC0-301F-11D3-BF4B-00C04F79EFBC}") = "Backend", "..\Backend\Backend.csproj", "{77BF29F1-8FFA-40A1-BEDE-134669333979}"
EndProject
Global
	GlobalSection(SolutionConfigurationPlatforms) = preSolution
		Debug|Any CPU = Debug|Any CPU
		Release|Any CPU = Release|Any CPU
	EndGlobalSection
	GlobalSection(ProjectConfigurationPlatforms) = postSolution
		{2D27CF7A-E621-4291-8014-4C4635C58EB2}.Debug|Any CPU.ActiveCfg = Debug|Any CPU
		{2D27CF7A-E621-4291-8014-4C4635C58EB2}.Debug|Any CPU.Build.0 = Debug|Any CPU
		{2D27CF7A-E621-4291-8014-4C4635C58EB2}.Debug|Any CPU.Deploy.0 = Debug|Any CPU
		{2D27CF7A-E621-4291-8014-4C4635C58EB2}.Release|Any CPU.ActiveCfg = Release|Any CPU
		{2D27CF7A-E621-4291-8014-4C4635C58EB2}.Release|Any CPU.Build.0 = Release|Any CPU
		{2D27CF7A-E621-4291-8014-4C4635C58EB2}.Release|Any CPU.Deploy.0 = Release|Any CPU
		{77BF29F1-8FFA-40A1-BEDE-134669333979}.Debug|Any CPU.ActiveCfg = Debug|Any CPU
		{77BF29F1-8FFA-40A1-BEDE-134669333979}.Debug|Any CPU.Build.0 = Debug|Any CPU
		{77BF29F1-8FFA-40A1-BEDE-134669333979}.Release|Any CPU.ActiveCfg = Release|Any CPU
		{77BF29F1-8FFA-40A1-BEDE-134669333979}.Release|Any CPU.Build.0 = Release|Any CPU
	EndGlobalSection
	GlobalSection(SolutionProperties) = preSolution
		HideSolutionNode = FALSE
	EndGlobalSection
	GlobalSection(ExtensibilityGlobals) = postSolution
		SolutionGuid = {36D221DC-BCDC-4F6E-89F9-809987994C76}
	EndGlobalSection
EndGlobal
